
Microsoft Visual Studio Solution File, Format Version 12.00
# Visual Studio Version 17
VisualStudioVersion = 17.11.35303.130
MinimumVisualStudioVersion = 10.0.40219.1
Project("{8BC9CEB8-8B4A-11D0-8D11-00A0C91BC942}") = "Lab9.2.1", "Lab9.2.1\Lab9.2.1.vcxproj", "{60C3572F-5575-470D-AB58-E18D57B3196B}"
EndProject
Project("{8BC9CEB8-8B4A-11D0-8D11-00A0C91BC942}") = "UnitTest1", "UnitTest1\UnitTest1.vcxproj", "{ADF73536-D13C-43FE-849C-941354D50237}"
EndProject
Global
	GlobalSection(SolutionConfigurationPlatforms) = preSolution
		Debug|x64 = Debug|x64
		Debug|x86 = Debug|x86
		Release|x64 = Release|x64
		Release|x86 = Release|x86
	EndGlobalSection
	GlobalSection(ProjectConfigurationPlatforms) = postSolution
		{60C3572F-5575-470D-AB58-E18D57B3196B}.Debug|x64.ActiveCfg = Debug|x64
		{60C3572F-5575-470D-AB58-E18D57B3196B}.Debug|x64.Build.0 = Debug|x64
		{60C3572F-5575-470D-AB58-E18D57B3196B}.Debug|x86.ActiveCfg = Debug|Win32
		{60C3572F-5575-470D-AB58-E18D57B3196B}.Debug|x86.Build.0 = Debug|Win32
		{60C3572F-5575-470D-AB58-E18D57B3196B}.Release|x64.ActiveCfg = Release|x64
		{60C3572F-5575-470D-AB58-E18D57B3196B}.Release|x64.Build.0 = Release|x64
		{60C3572F-5575-470D-AB58-E18D57B3196B}.Release|x86.ActiveCfg = Release|Win32
		{60C3572F-5575-470D-AB58-E18D57B3196B}.Release|x86.Build.0 = Release|Win32
		{ADF73536-D13C-43FE-849C-941354D50237}.Debug|x64.ActiveCfg = Debug|x64
		{ADF73536-D13C-43FE-849C-941354D50237}.Debug|x64.Build.0 = Debug|x64
		{ADF73536-D13C-43FE-849C-941354D50237}.Debug|x86.ActiveCfg = Debug|Win32
		{ADF73536-D13C-43FE-849C-941354D50237}.Debug|x86.Build.0 = Debug|Win32
		{ADF73536-D13C-43FE-849C-941354D50237}.Release|x64.ActiveCfg = Release|x64
		{ADF73536-D13C-43FE-849C-941354D50237}.Release|x64.Build.0 = Release|x64
		{ADF73536-D13C-43FE-849C-941354D50237}.Release|x86.ActiveCfg = Release|Win32
		{ADF73536-D13C-43FE-849C-941354D50237}.Release|x86.Build.0 = Release|Win32
	EndGlobalSection
	GlobalSection(SolutionProperties) = preSolution
		HideSolutionNode = FALSE
	EndGlobalSection
	GlobalSection(ExtensibilityGlobals) = postSolution
		SolutionGuid = {172700AC-9C8E-4436-B530-BB9782491BE9}
	EndGlobalSection
EndGlobal
